
Microsoft Visual Studio Solution File, Format Version 12.00
# Visual Studio Version 16
VisualStudioVersion = 16.0.32228.343
MinimumVisualStudioVersion = 10.0.40219.1
Project("{FAE04EC0-301F-11D3-BF4B-00C04F79EFBC}") = "hometaks2233", "hometaks2233.csproj", "{AAF0FD6A-16CC-413C-AF23-FF314D12BA24}"
EndProject
Global
	GlobalSection(SolutionConfigurationPlatforms) = preSolution
		Debug|Any CPU = Debug|Any CPU
		Release|Any CPU = Release|Any CPU
	EndGlobalSection
	GlobalSection(ProjectConfigurationPlatforms) = postSolution
		{AAF0FD6A-16CC-413C-AF23-FF314D12BA24}.Debug|Any CPU.ActiveCfg = Debug|Any CPU
		{AAF0FD6A-16CC-413C-AF23-FF314D12BA24}.Debug|Any CPU.Build.0 = Debug|Any CPU
		{AAF0FD6A-16CC-413C-AF23-FF314D12BA24}.Release|Any CPU.ActiveCfg = Release|Any CPU
		{AAF0FD6A-16CC-413C-AF23-FF314D12BA24}.Release|Any CPU.Build.0 = Release|Any CPU
	EndGlobalSection
	GlobalSection(SolutionProperties) = preSolution
		HideSolutionNode = FALSE
	EndGlobalSection
	GlobalSection(ExtensibilityGlobals) = postSolution
		SolutionGuid = {537FF4AA-5E02-4D8D-AF4B-5D1ADACAC1A8}
	EndGlobalSection
EndGlobal
